{
  "name": "sky_whale_journey",
  "version": "1.0.0",
  "lockfileVersion": 3,
  "requires": true,
  "packages": {
    "": {
      "name": "sky_whale_journey",
      "version": "1.0.0",
      "license": "ISC",
      "dependencies": {
        "n8ao": "^1.9.4",
        "three": "^0.170.0",
        "three-mesh-bvh": "^0.8.3"
      }
    },
    "node_modules/n8ao": {
      "version": "1.9.4",
      "resolved": "https://registry.npmjs.org/n8ao/-/n8ao-1.9.4.tgz",
      "integrity": "sha512-gbpAorQecZn2oGK/rheHxPTNwOxVsEC6216+Jr9tXHUk9L5VCE2q/uxsSrQpfNkZDoCmQHf7oSg3SYFWCAt0wg==",
      "license": "ISC",
      "peerDependencies": {
        "postprocessing": ">=6.30.0",
        "three": ">=0.137"
      }
    },
    "node_modules/postprocessing": {
      "version": "6.39.5",
      "resolved": "https://registry.npmjs.org/postprocessing/-/postprocessing-6.39.5.tgz",
      "integrity": "sha512-YmH+t74J2X1lwYjKzK/tgs9C9kqWWPB9JwZiDF5mEf4BdCEAmEFbO8lXBA7NM0/j4g+x6FgD/Tt5/kT7ogbEDA==",
      "license": "Zlib",
      "peer": true,
      "peerDependencies": {
        "three": ">= 0.168.0 < 0.187.0"
      }
    },
    "node_modules/three": {
      "version": "0.170.0",
      "resolved": "https://registry.npmjs.org/three/-/three-0.170.0.tgz",
      "integrity": "sha512-FQK+LEpYc0fBD+J8g6oSEyyNzjp+Q7Ks1C568WWaoMRLW+TkNNWmenWeGgJjV105Gd+p/2ql1ZcjYvNiPZBhuQ==",
      "license": "MIT"
    },
    "node_modules/three-mesh-bvh": {
      "version": "0.8.3",
      "resolved": "https://registry.npmjs.org/three-mesh-bvh/-/three-mesh-bvh-0.8.3.tgz",
      "integrity": "sha512-4G5lBaF+g2auKX3P0yqx+MJC6oVt6sB5k+CchS6Ob0qvH0YIhuUk1eYr7ktsIpY+albCqE80/FVQGV190PmiAg==",
      "license": "MIT",
      "peerDependencies": {
        "three": ">= 0.159.0"
      }
    }
  }
}
